PODS:
  - Alamofire (5.9.1)
  - Kingfisher (8.0.3)
  - SnapKit (5.7.1)

DEPENDENCIES:
  - Alamofire (~> 5.4)
  - Kingfisher
  - SnapKit (~> 5.7.0)

SPEC REPOS:
  trunk:
    - Alamofire
    - Kingfisher
    - SnapKit

SPEC CHECKSUMS:
  Alamofire: f36a35757af4587d8e4f4bfa223ad10be2422b8c
  Kingfisher: bbf78af014cc845cf9a799363f627b5212784165
  SnapKit: d612e99e678a2d3b95bf60b0705ed0a35c03484a

PODFILE CHECKSUM: 33f8623850d1bbd2812bdb005a98682662093877

COCOAPODS: 1.15.2
